
Microsoft Visual Studio Solution File, Format Version 12.00
# Visual Studio 14
VisualStudioVersion = 14.0.25420.1
MinimumVisualStudioVersion = 10.0.40219.1
Project("{FAE04EC0-301F-11D3-BF4B-00C04F79EFBC}") = "Piforatio.Core", "Piforatio.Core\Piforatio.Core.csproj", "{4E493174-A8DC-4EAF-80CA-BF05E4DE3EDD}"
EndProject
Project("{FAE04EC0-301F-11D3-BF4B-00C04F79EFBC}") = "Piforatio.Test", "Pifaratio.Test\Piforatio.Test.csproj", "{A81168C8-6432-4BA0-8523-27A376D237E3}"
EndProject
Global
	GlobalSection(SolutionConfigurationPlatforms) = preSolution
		Debug|Any CPU = Debug|Any CPU
		Release|Any CPU = Release|Any CPU
	EndGlobalSection
	GlobalSection(ProjectConfigurationPlatforms) = postSolution
		{4E493174-A8DC-4EAF-80CA-BF05E4DE3EDD}.Debug|Any CPU.ActiveCfg = Debug|Any CPU
		{4E493174-A8DC-4EAF-80CA-BF05E4DE3EDD}.Debug|Any CPU.Build.0 = Debug|Any CPU
		{4E493174-A8DC-4EAF-80CA-BF05E4DE3EDD}.Release|Any CPU.ActiveCfg = Release|Any CPU
		{4E493174-A8DC-4EAF-80CA-BF05E4DE3EDD}.Release|Any CPU.Build.0 = Release|Any CPU
		{A81168C8-6432-4BA0-8523-27A376D237E3}.Debug|Any CPU.ActiveCfg = Debug|Any CPU
		{A81168C8-6432-4BA0-8523-27A376D237E3}.Debug|Any CPU.Build.0 = Debug|Any CPU
		{A81168C8-6432-4BA0-8523-27A376D237E3}.Release|Any CPU.ActiveCfg = Release|Any CPU
		{A81168C8-6432-4BA0-8523-27A376D237E3}.Release|Any CPU.Build.0 = Release|Any CPU
	EndGlobalSection
	GlobalSection(SolutionProperties) = preSolution
		HideSolutionNode = FALSE
	EndGlobalSection
EndGlobal
