
Microsoft Visual Studio Solution File, Format Version 12.00
# Visual Studio 14
VisualStudioVersion = 14.0.25420.1
MinimumVisualStudioVersion = 10.0.40219.1
Project("{FAE04EC0-301F-11D3-BF4B-00C04F79EFBC}") = "Piforatio.Core2", "Piforatio.Core2\Piforatio.Core2.csproj", "{5DA60DE3-5461-441C-8D6E-B4FBD034842D}"
EndProject
Project("{FAE04EC0-301F-11D3-BF4B-00C04F79EFBC}") = "Piforatio.Core2Test", "Piforatio.Core2Test\Piforatio.Core2Test.csproj", "{06AE90EC-6F4C-4CFA-9871-2CC11DE08665}"
EndProject
Project("{FAE04EC0-301F-11D3-BF4B-00C04F79EFBC}") = "Piforatio.WPF", "Piforatio.WPF\Piforatio.WPF.csproj", "{06B04258-91BC-4CA6-AA0A-588C84F86C2D}"
EndProject
Global
	GlobalSection(SolutionConfigurationPlatforms) = preSolution
		Debug|Any CPU = Debug|Any CPU
		Release|Any CPU = Release|Any CPU
	EndGlobalSection
	GlobalSection(ProjectConfigurationPlatforms) = postSolution
		{5DA60DE3-5461-441C-8D6E-B4FBD034842D}.Debug|Any CPU.ActiveCfg = Debug|Any CPU
		{5DA60DE3-5461-441C-8D6E-B4FBD034842D}.Debug|Any CPU.Build.0 = Debug|Any CPU
		{5DA60DE3-5461-441C-8D6E-B4FBD034842D}.Release|Any CPU.ActiveCfg = Release|Any CPU
		{5DA60DE3-5461-441C-8D6E-B4FBD034842D}.Release|Any CPU.Build.0 = Release|Any CPU
		{06AE90EC-6F4C-4CFA-9871-2CC11DE08665}.Debug|Any CPU.ActiveCfg = Debug|Any CPU
		{06AE90EC-6F4C-4CFA-9871-2CC11DE08665}.Debug|Any CPU.Build.0 = Debug|Any CPU
		{06AE90EC-6F4C-4CFA-9871-2CC11DE08665}.Release|Any CPU.ActiveCfg = Release|Any CPU
		{06AE90EC-6F4C-4CFA-9871-2CC11DE08665}.Release|Any CPU.Build.0 = Release|Any CPU
		{06B04258-91BC-4CA6-AA0A-588C84F86C2D}.Debug|Any CPU.ActiveCfg = Debug|Any CPU
		{06B04258-91BC-4CA6-AA0A-588C84F86C2D}.Debug|Any CPU.Build.0 = Debug|Any CPU
		{06B04258-91BC-4CA6-AA0A-588C84F86C2D}.Release|Any CPU.ActiveCfg = Release|Any CPU
		{06B04258-91BC-4CA6-AA0A-588C84F86C2D}.Release|Any CPU.Build.0 = Release|Any CPU
	EndGlobalSection
	GlobalSection(SolutionProperties) = preSolution
		HideSolutionNode = FALSE
	EndGlobalSection
EndGlobal
